// !$*UTF8*$!
{
	archiveVersion = 1;
	classes = {
	};
	objectVersion = 46;
	objects = {

/* Begin PBXBuildFile section */
		BC6E1E531DF64F5C00B6BD5E /* AppDelegate.swift in Sources */ = {isa = PBXBuildFile; fileRef = BC6E1E521DF64F5C00B6BD5E /* AppDelegate.swift */; };
		BC6E1E551DF64F5C00B6BD5E /* ViewController.swift in Sources */ = {isa = PBXBuildFile; fileRef = BC6E1E541DF64F5C00B6BD5E /* ViewController.swift */; };
		BC6E1E581DF64F5C00B6BD5E /* Main.storyboard in Resources */ = {isa = PBXBuildFile; fileRef = BC6E1E561DF64F5C00B6BD5E /* Main.storyboard */; };
		BC6E1E5A1DF64F5C00B6BD5E /* Assets.xcassets in Resources */ = {isa = PBXBuildFile; fileRef = BC6E1E591DF64F5C00B6BD5E /* Assets.xcassets */; };
		BC6E1E5D1DF64F5C00B6BD5E /* LaunchScreen.storyboard in Resources */ = {isa = PBXBuildFile; fileRef = BC6E1E5B1DF64F5C00B6BD5E /* LaunchScreen.storyboard */; };
/* End PBXBuildFile section */

/* Begin PBXFileReference section */
		BC6E1E4F1DF64F5C00B6BD5E /* 1205gitProject.app */ = {isa = PBXFileReference; explicitFileType = wrapper.application; includeInIndex = 0; path = 1205gitProject.app; sourceTree = BUILT_PRODUCTS_DIR; };
		BC6E1E521DF64F5C00B6BD5E /* AppDelegate.swift */ = {isa = PBXFileReference; lastKnownFileType = sourcecode.swift; path = AppDelegate.swift; sourceTree = "<group>"; };
		BC6E1E541DF64F5C00B6BD5E /* ViewController.swift */ = {isa = PBXFileReference; lastKnownFileType = sourcecode.swift; path = ViewController.swift; sourceTree = "<group>"; };
		BC6E1E571DF64F5C00B6BD5E /* Base */ = {isa = PBXFileReference; lastKnownFileType = file.storyboard; name = Base; path = Base.lproj/Main.storyboard; sourceTree = "<group>"; };
		BC6E1E591DF64F5C00B6BD5E /* Assets.xcassets */ = {isa = PBXFileReference; lastKnownFileType = folder.assetcatalog; path = Assets.xcassets; sourceTree = "<group>"; };
		BC6E1E5C1DF64F5C00B6BD5E /* Base */ = {isa = PBXFileReference; lastKnownFileType = file.storyboard; name = Base; path = Base.lproj/LaunchScreen.storyboard; sourceTree = "<group>"; };
		BC6E1E5E1DF64F5C00B6BD5E /* Info.plist */ = {isa = PBXFileReference; lastKnownFileType = text.plist.xml; path = Info.plist; sourceTree = "<group>"; };
/* End PBXFileReference section */

/* Begin PBXFrameworksBuildPhase section */
		BC6E1E4C1DF64F5C00B6BD5E /* Frameworks */ = {
			isa = PBXFrameworksBuildPhase;
			buildActionMask = 2147483647;
			files = (
			);
			runOnlyForDeploymentPostprocessing = 0;
		};
/* End PBXFrameworksBuildPhase section */

/* Begin PBXGroup section */
		BC6E1E461DF64F5C00B6BD5E = {
			isa = PBXGroup;
			children = (
				BC6E1E511DF64F5C00B6BD5E /* 1205gitProject */,
				BC6E1E501DF64F5C00B6BD5E /* Products */,
			);
			sourceTree = "<group>";
		};
		BC6E1E501DF64F5C00B6BD5E /* Products */ = {
			isa = PBXGroup;
			children = (
				BC6E1E4F1DF64F5C00B6BD5E /* 1205gitProject.app */,
			);
			name = Products;
			sourceTree = "<group>";
		};
		BC6E1E511DF64F5C00B6BD5E /* 1205gitProject */ = {
			isa = PBXGroup;
			children = (
				BC6E1E521DF64F5C00B6BD5E /* AppDelegate.swift */,
				BC6E1E541DF64F5C00B6BD5E /* ViewController.swift */,
				BC6E1E561DF64F5C00B6BD5E /* Main.storyboard */,
				BC6E1E591DF64F5C00B6BD5E /* Assets.xcassets */,
				BC6E1E5B1DF64F5C00B6BD5E /* LaunchScreen.storyboard */,
				BC6E1E5E1DF64F5C00B6BD5E /* Info.plist */,
			);
			path = 1205gitProject;
			sourceTree = "<group>";
		};
/* End PBXGroup section */

/* Begin PBXNativeTarget section */
		BC6E1E4E1DF64F5C00B6BD5E /* 1205gitProject */ = {
			isa = PBXNativeTarget;
			buildConfigurationList = BC6E1E611DF64F5C00B6BD5E /* Build configuration list for PBXNativeTarget "1205gitProject" */;
			buildPhases = (
				BC6E1E4B1DF64F5C00B6BD5E /* Sources */,
				BC6E1E4C1DF64F5C00B6BD5E /* Frameworks */,
				BC6E1E4D1DF64F5C00B6BD5E /* Resources */,
			);
			buildRules = (
			);
			dependencies = (
			);
			name = 1205gitProject;
			productName = 1205gitProject;
			productReference = BC6E1E4F1DF64F5C00B6BD5E /* 1205gitProject.app */;
			productType = "com.apple.product-type.application";
		};
/* End PBXNativeTarget section */

/* Begin PBXProject section */
		BC6E1E471DF64F5C00B6BD5E /* Project object */ = {
			isa = PBXProject;
			attributes = {
				LastSwiftUpdateCheck = 0810;
				LastUpgradeCheck = 0810;
				ORGANIZATIONNAME = "耿晓鹏";
				TargetAttributes = {
					BC6E1E4E1DF64F5C00B6BD5E = {
						CreatedOnToolsVersion = 8.1;
						ProvisioningStyle = Automatic;
					};
				};
			};
			buildConfigurationList = BC6E1E4A1DF64F5C00B6BD5E /* Build configuration list for PBXProject "1205gitProject" */;
			compatibilityVersion = "Xcode 3.2";
			developmentRegion = English;
			hasScannedForEncodings = 0;
			knownRegions = (
				en,
				Base,
			);
			mainGroup = BC6E1E461DF64F5C00B6BD5E;
			productRefGroup = BC6E1E501DF64F5C00B6BD5E /* Products */;
			projectDirPath = "";
			projectRoot = "";
			targets = (
				BC6E1E4E1DF64F5C00B6BD5E /* 1205gitProject */,
			);
		};
/* End PBXProject section */

/* Begin PBXResourcesBuildPhase section */
		BC6E1E4D1DF64F5C00B6BD5E /* Resources */ = {
			isa = PBXResourcesBuildPhase;
			buildActionMask = 2147483647;
			files = (
				BC6E1E5D1DF64F5C00B6BD5E /* LaunchScreen.storyboard in Resources */,
				BC6E1E5A1DF64F5C00B6BD5E /* Assets.xcassets in Resources */,
				BC6E1E581DF64F5C00B6BD5E /* Main.storyboard in Resources */,
			);
			runOnlyForDeploymentPostprocessing = 0;
		};
/* End PBXResourcesBuildPhase section */

/* Begin PBXSourcesBuildPhase section */
		BC6E1E4B1DF64F5C00B6BD5E /* Sources */ = {
			isa = PBXSourcesBuildPhase;
			buildActionMask = 2147483647;
			files = (
				BC6E1E551DF64F5C00B6BD5E /* ViewController.swift in Sources */,
				BC6E1E531DF64F5C00B6BD5E /* AppDelegate.swift in Sources */,
			);
			runOnlyForDeploymentPostprocessing = 0;
		};
/* End PBXSourcesBuildPhase section */

/* Begin PBXVariantGroup section */
		BC6E1E561DF64F5C00B6BD5E /* Main.storyboard */ = {
			isa = PBXVariantGroup;
			children = (
				BC6E1E571DF64F5C00B6BD5E /* Base */,
			);
			name = Main.storyboard;
			sourceTree = "<group>";
		};
		BC6E1E5B1DF64F5C00B6BD5E /* LaunchScreen.storyboard */ = {
			isa = PBXVariantGroup;
			children = (
				BC6E1E5C1DF64F5C00B6BD5E /* Base */,
			);
			name = LaunchScreen.storyboard;
			sourceTree = "<group>";
		};
/* End PBXVariantGroup section */

/* Begin XCBuildConfiguration section */
		BC6E1E5F1DF64F5C00B6BD5E /* Debug */ = {
			isa = XCBuildConfiguration;
			buildSettings = {
				ALWAYS_SEARCH_USER_PATHS = NO;
				CLANG_ANALYZER_NONNULL = YES;
				CLANG_CXX_LANGUAGE_STANDARD = "gnu++0x";
				CLANG_CXX_LIBRARY = "libc++";
				CLANG_ENABLE_MODULES = YES;
				CLANG_ENABLE_OBJC_ARC = YES;
				CLANG_WARN_BOOL_CONVERSION = YES;
				CLANG_WARN_CONSTANT_CONVERSION = YES;
				CLANG_WARN_DIRECT_OBJC_ISA_USAGE = YES_ERROR;
				CLANG_WARN_DOCUMENTATION_COMMENTS = YES;
				CLANG_WARN_EMPTY_BODY = YES;
				CLANG_WARN_ENUM_CONVERSION = YES;
				CLANG_WARN_INFINITE_RECURSION = YES;
				CLANG_WARN_INT_CONVERSION = YES;
				CLANG_WARN_OBJC_ROOT_CLASS = YES_ERROR;
				CLANG_WARN_SUSPICIOUS_MOVES = YES;
				CLANG_WARN_UNREACHABLE_CODE = YES;
				CLANG_WARN__DUPLICATE_METHOD_MATCH = YES;
				"CODE_SIGN_IDENTITY[sdk=iphoneos*]" = "iPhone Developer";
				COPY_PHASE_STRIP = NO;
				DEBUG_INFORMATION_FORMAT = dwarf;
				ENABLE_STRICT_OBJC_MSGSEND = YES;
				ENABLE_TESTABILITY = YES;
				GCC_C_LANGUAGE_STANDARD = gnu99;
				GCC_DYNAMIC_NO_PIC = NO;
				GCC_NO_COMMON_BLOCKS = YES;
				GCC_OPTIMIZATION_LEVEL = 0;
				GCC_PREPROCESSOR_DEFINITIONS = (
					"DEBUG=1",
					"$(inherited)",
				);
				GCC_WARN_64_TO_32_BIT_CONVERSION = YES;
				GCC_WARN_ABOUT_RETURN_TYPE = YES_ERROR;
				GCC_WARN_UNDECLARED_SELECTOR = YES;
				GCC_WARN_UNINITIALIZED_AUTOS = YES_AGGRESSIVE;
				GCC_WARN_UNUSED_FUNCTION = YES;
				GCC_WARN_UNUSED_VARIABLE = YES;
				IPHONEOS_DEPLOYMENT_TARGET = 10.1;
				MTL_ENABLE_DEBUG_INFO = YES;
				ONLY_ACTIVE_ARCH = YES;
				SDKROOT = iphoneos;
				SWIFT_ACTIVE_COMPILATION_CONDITIONS = DEBUG;
				SWIFT_OPTIMIZATION_LEVEL = "-Onone";
				TARGETED_DEVICE_FAMILY = "1,2";
			};
			name = Debug;
		};
		BC6E1E601DF64F5C00B6BD5E /* Release */ = {
			isa = XCBuildConfiguration;
			buildSettings = {
				ALWAYS_SEARCH_USER_PATHS = NO;
				CLANG_ANALYZER_NONNULL = YES;
				CLANG_CXX_LANGUAGE_STANDARD = "gnu++0x";
				CLANG_CXX_LIBRARY = "libc++";
				CLANG_ENABLE_MODULES = YES;
				CLANG_ENABLE_OBJC_ARC = YES;
				CLANG_WARN_BOOL_CONVERSION = YES;
				CLANG_WARN_CONSTANT_CONVERSION = YES;
				CLANG_WARN_DIRECT_OBJC_ISA_USAGE = YES_ERROR;
				CLANG_WARN_DOCUMENTATION_COMMENTS = YES;
				CLANG_WARN_EMPTY_BODY = YES;
				CLANG_WARN_ENUM_CONVERSION = YES;
				CLANG_WARN_INFINITE_RECURSION = YES;
				CLANG_WARN_INT_CONVERSION = YES;
				CLANG_WARN_OBJC_ROOT_CLASS = YES_ERROR;
				CLANG_WARN_SUSPICIOUS_MOVES = YES;
				CLANG_WARN_UNREACHABLE_CODE = YES;
				CLANG_WARN__DUPLICATE_METHOD_MATCH = YES;
				"CODE_SIGN_IDENTITY[sdk=iphoneos*]" = "iPhone Developer";
				COPY_PHASE_STRIP = NO;
				DEBUG_INFORMATION_FORMAT = "dwarf-with-dsym";
				ENABLE_NS_ASSERTIONS = NO;
				ENABLE_STRICT_OBJC_MSGSEND = YES;
				GCC_C_LANGUAGE_STANDARD = gnu99;
				GCC_NO_COMMON_BLOCKS = YES;
				GCC_WARN_64_TO_32_BIT_CONVERSION = YES;
				GCC_WARN_ABOUT_RETURN_TYPE = YES_ERROR;
				GCC_WARN_UNDECLARED_SELECTOR = YES;
				GCC_WARN_UNINITIALIZED_AUTOS = YES_AGGRESSIVE;
				GCC_WARN_UNUSED_FUNCTION = YES;
				GCC_WARN_UNUSED_VARIABLE = YES;
				IPHONEOS_DEPLOYMENT_TARGET = 10.1;
				MTL_ENABLE_DEBUG_INFO = NO;
				SDKROOT = iphoneos;
				SWIFT_OPTIMIZATION_LEVEL = "-Owholemodule";
				TARGETED_DEVICE_FAMILY = "1,2";
				VALIDATE_PRODUCT = YES;
			};
			name = Release;
		};
		BC6E1E621DF64F5C00B6BD5E /* Debug */ = {
			isa = XCBuildConfiguration;
			buildSettings = {
				ASSETCATALOG_COMPILER_APPICON_NAME = AppIcon;
				INFOPLIST_FILE = 1205gitProject/Info.plist;
				LD_RUNPATH_SEARCH_PATHS = "$(inherited) @executable_path/Frameworks";
				PRODUCT_BUNDLE_IDENTIFIER = "com.rabbit.-205gitProject";
				PRODUCT_NAME = "$(TARGET_NAME)";
				SWIFT_VERSION = 3.0;
			};
			name = Debug;
		};
		BC6E1E631DF64F5C00B6BD5E /* Release */ = {
			isa = XCBuildConfiguration;
			buildSettings = {
				ASSETCATALOG_COMPILER_APPICON_NAME = AppIcon;
				INFOPLIST_FILE = 1205gitProject/Info.plist;
				LD_RUNPATH_SEARCH_PATHS = "$(inherited) @executable_path/Frameworks";
				PRODUCT_BUNDLE_IDENTIFIER = "com.rabbit.-205gitProject";
				PRODUCT_NAME = "$(TARGET_NAME)";
				SWIFT_VERSION = 3.0;
			};
			name = Release;
		};
/* End XCBuildConfiguration section */

/* Begin XCConfigurationList section */
		BC6E1E4A1DF64F5C00B6BD5E /* Build configuration list for PBXProject "1205gitProject" */ = {
			isa = XCConfigurationList;
			buildConfigurations = (
				BC6E1E5F1DF64F5C00B6BD5E /* Debug */,
				BC6E1E601DF64F5C00B6BD5E /* Release */,
			);
			defaultConfigurationIsVisible = 0;
			defaultConfigurationName = Release;
		};
		BC6E1E611DF64F5C00B6BD5E /* Build configuration list for PBXNativeTarget "1205gitProject" */ = {
			isa = XCConfigurationList;
			buildConfigurations = (
				BC6E1E621DF64F5C00B6BD5E /* Debug */,
				BC6E1E631DF64F5C00B6BD5E /* Release */,
			);
			defaultConfigurationIsVisible = 0;
			defaultConfigurationName = Release;
		};
/* End XCConfigurationList section */
	};
	rootObject = BC6E1E471DF64F5C00B6BD5E /* Project object */;
}
